// !$*UTF8*$!
{
	archiveVersion = 1;
	classes = {
	};
	objectVersion = 46;
	objects = {

/* Begin PBXBuildFile section */
		D82B67AE1D96F2D5007CA6D3 /* AppDelegate.swift in Sources */ = {isa = PBXBuildFile; fileRef = D82B67AD1D96F2D5007CA6D3 /* AppDelegate.swift */; };
		D82B67B01D96F2D5007CA6D3 /* ViewController.swift in Sources */ = {isa = PBXBuildFile; fileRef = D82B67AF1D96F2D5007CA6D3 /* ViewController.swift */; };
		D82B67B31D96F2D5007CA6D3 /* Main.storyboard in Resources */ = {isa = PBXBuildFile; fileRef = D82B67B11D96F2D5007CA6D3 /* Main.storyboard */; };
		D82B67B51D96F2D5007CA6D3 /* Assets.xcassets in Resources */ = {isa = PBXBuildFile; fileRef = D82B67B41D96F2D5007CA6D3 /* Assets.xcassets */; };
		D82B67B81D96F2D5007CA6D3 /* LaunchScreen.storyboard in Resources */ = {isa = PBXBuildFile; fileRef = D82B67B61D96F2D5007CA6D3 /* LaunchScreen.storyboard */; };
		D82B67C01D970628007CA6D3 /* InteractiveStory.swift in Sources */ = {isa = PBXBuildFile; fileRef = D82B67BF1D970628007CA6D3 /* InteractiveStory.swift */; };
/* End PBXBuildFile section */

/* Begin PBXFileReference section */
		D82B67AA1D96F2D5007CA6D3 /* InteractiveStory.app */ = {isa = PBXFileReference; explicitFileType = wrapper.application; includeInIndex = 0; path = InteractiveStory.app; sourceTree = BUILT_PRODUCTS_DIR; };
		D82B67AD1D96F2D5007CA6D3 /* AppDelegate.swift */ = {isa = PBXFileReference; lastKnownFileType = sourcecode.swift; path = AppDelegate.swift; sourceTree = "<group>"; };
		D82B67AF1D96F2D5007CA6D3 /* ViewController.swift */ = {isa = PBXFileReference; lastKnownFileType = sourcecode.swift; path = ViewController.swift; sourceTree = "<group>"; };
		D82B67B21D96F2D5007CA6D3 /* Base */ = {isa = PBXFileReference; lastKnownFileType = file.storyboard; name = Base; path = Base.lproj/Main.storyboard; sourceTree = "<group>"; };
		D82B67B41D96F2D5007CA6D3 /* Assets.xcassets */ = {isa = PBXFileReference; lastKnownFileType = folder.assetcatalog; path = Assets.xcassets; sourceTree = "<group>"; };
		D82B67B71D96F2D5007CA6D3 /* Base */ = {isa = PBXFileReference; lastKnownFileType = file.storyboard; name = Base; path = Base.lproj/LaunchScreen.storyboard; sourceTree = "<group>"; };
		D82B67B91D96F2D5007CA6D3 /* Info.plist */ = {isa = PBXFileReference; lastKnownFileType = text.plist.xml; path = Info.plist; sourceTree = "<group>"; };
		D82B67BF1D970628007CA6D3 /* InteractiveStory.swift */ = {isa = PBXFileReference; fileEncoding = 4; lastKnownFileType = sourcecode.swift; path = InteractiveStory.swift; sourceTree = "<group>"; };
/* End PBXFileReference section */

/* Begin PBXFrameworksBuildPhase section */
		D82B67A71D96F2D5007CA6D3 /* Frameworks */ = {
			isa = PBXFrameworksBuildPhase;
			buildActionMask = 2147483647;
			files = (
			);
			runOnlyForDeploymentPostprocessing = 0;
		};
/* End PBXFrameworksBuildPhase section */

/* Begin PBXGroup section */
		D82B67A11D96F2D5007CA6D3 = {
			isa = PBXGroup;
			children = (
				D82B67AC1D96F2D5007CA6D3 /* InteractiveStory */,
				D82B67AB1D96F2D5007CA6D3 /* Products */,
			);
			sourceTree = "<group>";
		};
		D82B67AB1D96F2D5007CA6D3 /* Products */ = {
			isa = PBXGroup;
			children = (
				D82B67AA1D96F2D5007CA6D3 /* InteractiveStory.app */,
			);
			name = Products;
			sourceTree = "<group>";
		};
		D82B67AC1D96F2D5007CA6D3 /* InteractiveStory */ = {
			isa = PBXGroup;
			children = (
				D82B67AD1D96F2D5007CA6D3 /* AppDelegate.swift */,
				D82B67AF1D96F2D5007CA6D3 /* ViewController.swift */,
				D82B67BF1D970628007CA6D3 /* InteractiveStory.swift */,
				D82B67B11D96F2D5007CA6D3 /* Main.storyboard */,
				D82B67B41D96F2D5007CA6D3 /* Assets.xcassets */,
				D82B67B61D96F2D5007CA6D3 /* LaunchScreen.storyboard */,
				D82B67B91D96F2D5007CA6D3 /* Info.plist */,
			);
			path = InteractiveStory;
			sourceTree = "<group>";
		};
/* End PBXGroup section */

/* Begin PBXNativeTarget section */
		D82B67A91D96F2D5007CA6D3 /* InteractiveStory */ = {
			isa = PBXNativeTarget;
			buildConfigurationList = D82B67BC1D96F2D5007CA6D3 /* Build configuration list for PBXNativeTarget "InteractiveStory" */;
			buildPhases = (
				D82B67A61D96F2D5007CA6D3 /* Sources */,
				D82B67A71D96F2D5007CA6D3 /* Frameworks */,
				D82B67A81D96F2D5007CA6D3 /* Resources */,
			);
			buildRules = (
			);
			dependencies = (
			);
			name = InteractiveStory;
			productName = InteractiveStory;
			productReference = D82B67AA1D96F2D5007CA6D3 /* InteractiveStory.app */;
			productType = "com.apple.product-type.application";
		};
/* End PBXNativeTarget section */

/* Begin PBXProject section */
		D82B67A21D96F2D5007CA6D3 /* Project object */ = {
			isa = PBXProject;
			attributes = {
				LastSwiftUpdateCheck = 0800;
				LastUpgradeCheck = 0800;
				ORGANIZATIONNAME = maypalo;
				TargetAttributes = {
					D82B67A91D96F2D5007CA6D3 = {
						CreatedOnToolsVersion = 8.0;
						ProvisioningStyle = Automatic;
					};
				};
			};
			buildConfigurationList = D82B67A51D96F2D5007CA6D3 /* Build configuration list for PBXProject "InteractiveStory" */;
			compatibilityVersion = "Xcode 3.2";
			developmentRegion = English;
			hasScannedForEncodings = 0;
			knownRegions = (
				en,
				Base,
			);
			mainGroup = D82B67A11D96F2D5007CA6D3;
			productRefGroup = D82B67AB1D96F2D5007CA6D3 /* Products */;
			projectDirPath = "";
			projectRoot = "";
			targets = (
				D82B67A91D96F2D5007CA6D3 /* InteractiveStory */,
			);
		};
/* End PBXProject section */

/* Begin PBXResourcesBuildPhase section */
		D82B67A81D96F2D5007CA6D3 /* Resources */ = {
			isa = PBXResourcesBuildPhase;
			buildActionMask = 2147483647;
			files = (
				D82B67B81D96F2D5007CA6D3 /* LaunchScreen.storyboard in Resources */,
				D82B67B51D96F2D5007CA6D3 /* Assets.xcassets in Resources */,
				D82B67B31D96F2D5007CA6D3 /* Main.storyboard in Resources */,
			);
			runOnlyForDeploymentPostprocessing = 0;
		};
/* End PBXResourcesBuildPhase section */

/* Begin PBXSourcesBuildPhase section */
		D82B67A61D96F2D5007CA6D3 /* Sources */ = {
			isa = PBXSourcesBuildPhase;
			buildActionMask = 2147483647;
			files = (
				D82B67C01D970628007CA6D3 /* InteractiveStory.swift in Sources */,
				D82B67B01D96F2D5007CA6D3 /* ViewController.swift in Sources */,
				D82B67AE1D96F2D5007CA6D3 /* AppDelegate.swift in Sources */,
			);
			runOnlyForDeploymentPostprocessing = 0;
		};
/* End PBXSourcesBuildPhase section */

/* Begin PBXVariantGroup section */
		D82B67B11D96F2D5007CA6D3 /* Main.storyboard */ = {
			isa = PBXVariantGroup;
			children = (
				D82B67B21D96F2D5007CA6D3 /* Base */,
			);
			name = Main.storyboard;
			sourceTree = "<group>";
		};
		D82B67B61D96F2D5007CA6D3 /* LaunchScreen.storyboard */ = {
			isa = PBXVariantGroup;
			children = (
				D82B67B71D96F2D5007CA6D3 /* Base */,
			);
			name = LaunchScreen.storyboard;
			sourceTree = "<group>";
		};
/* End PBXVariantGroup section */

/* Begin XCBuildConfiguration section */
		D82B67BA1D96F2D5007CA6D3 /* Debug */ = {
			isa = XCBuildConfiguration;
			buildSettings = {
				ALWAYS_SEARCH_USER_PATHS = NO;
				CLANG_ANALYZER_NONNULL = YES;
				CLANG_CXX_LANGUAGE_STANDARD = "gnu++0x";
				CLANG_CXX_LIBRARY = "libc++";
				CLANG_ENABLE_MODULES = YES;
				CLANG_ENABLE_OBJC_ARC = YES;
				CLANG_WARN_BOOL_CONVERSION = YES;
				CLANG_WARN_CONSTANT_CONVERSION = YES;
				CLANG_WARN_DIRECT_OBJC_ISA_USAGE = YES_ERROR;
				CLANG_WARN_DOCUMENTATION_COMMENTS = YES;
				CLANG_WARN_EMPTY_BODY = YES;
				CLANG_WARN_ENUM_CONVERSION = YES;
				CLANG_WARN_INFINITE_RECURSION = YES;
				CLANG_WARN_INT_CONVERSION = YES;
				CLANG_WARN_OBJC_ROOT_CLASS = YES_ERROR;
				CLANG_WARN_SUSPICIOUS_MOVES = YES;
				CLANG_WARN_UNREACHABLE_CODE = YES;
				CLANG_WARN__DUPLICATE_METHOD_MATCH = YES;
				"CODE_SIGN_IDENTITY[sdk=iphoneos*]" = "iPhone Developer";
				COPY_PHASE_STRIP = NO;
				DEBUG_INFORMATION_FORMAT = dwarf;
				ENABLE_STRICT_OBJC_MSGSEND = YES;
				ENABLE_TESTABILITY = YES;
				GCC_C_LANGUAGE_STANDARD = gnu99;
				GCC_DYNAMIC_NO_PIC = NO;
				GCC_NO_COMMON_BLOCKS = YES;
				GCC_OPTIMIZATION_LEVEL = 0;
				GCC_PREPROCESSOR_DEFINITIONS = (
					"DEBUG=1",
					"$(inherited)",
				);
				GCC_WARN_64_TO_32_BIT_CONVERSION = YES;
				GCC_WARN_ABOUT_RETURN_TYPE = YES_ERROR;
				GCC_WARN_UNDECLARED_SELECTOR = YES;
				GCC_WARN_UNINITIALIZED_AUTOS = YES_AGGRESSIVE;
				GCC_WARN_UNUSED_FUNCTION = YES;
				GCC_WARN_UNUSED_VARIABLE = YES;
				IPHONEOS_DEPLOYMENT_TARGET = 10.0;
				MTL_ENABLE_DEBUG_INFO = YES;
				ONLY_ACTIVE_ARCH = YES;
				SDKROOT = iphoneos;
				SWIFT_ACTIVE_COMPILATION_CONDITIONS = DEBUG;
				SWIFT_OPTIMIZATION_LEVEL = "-Onone";
			};
			name = Debug;
		};
		D82B67BB1D96F2D5007CA6D3 /* Release */ = {
			isa = XCBuildConfiguration;
			buildSettings = {
				ALWAYS_SEARCH_USER_PATHS = NO;
				CLANG_ANALYZER_NONNULL = YES;
				CLANG_CXX_LANGUAGE_STANDARD = "gnu++0x";
				CLANG_CXX_LIBRARY = "libc++";
				CLANG_ENABLE_MODULES = YES;
				CLANG_ENABLE_OBJC_ARC = YES;
				CLANG_WARN_BOOL_CONVERSION = YES;
				CLANG_WARN_CONSTANT_CONVERSION = YES;
				CLANG_WARN_DIRECT_OBJC_ISA_USAGE = YES_ERROR;
				CLANG_WARN_DOCUMENTATION_COMMENTS = YES;
				CLANG_WARN_EMPTY_BODY = YES;
				CLANG_WARN_ENUM_CONVERSION = YES;
				CLANG_WARN_INFINITE_RECURSION = YES;
				CLANG_WARN_INT_CONVERSION = YES;
				CLANG_WARN_OBJC_ROOT_CLASS = YES_ERROR;
				CLANG_WARN_SUSPICIOUS_MOVES = YES;
				CLANG_WARN_UNREACHABLE_CODE = YES;
				CLANG_WARN__DUPLICATE_METHOD_MATCH = YES;
				"CODE_SIGN_IDENTITY[sdk=iphoneos*]" = "iPhone Developer";
				COPY_PHASE_STRIP = NO;
				DEBUG_INFORMATION_FORMAT = "dwarf-with-dsym";
				ENABLE_NS_ASSERTIONS = NO;
				ENABLE_STRICT_OBJC_MSGSEND = YES;
				GCC_C_LANGUAGE_STANDARD = gnu99;
				GCC_NO_COMMON_BLOCKS = YES;
				GCC_WARN_64_TO_32_BIT_CONVERSION = YES;
				GCC_WARN_ABOUT_RETURN_TYPE = YES_ERROR;
				GCC_WARN_UNDECLARED_SELECTOR = YES;
				GCC_WARN_UNINITIALIZED_AUTOS = YES_AGGRESSIVE;
				GCC_WARN_UNUSED_FUNCTION = YES;
				GCC_WARN_UNUSED_VARIABLE = YES;
				IPHONEOS_DEPLOYMENT_TARGET = 10.0;
				MTL_ENABLE_DEBUG_INFO = NO;
				SDKROOT = iphoneos;
				SWIFT_OPTIMIZATION_LEVEL = "-Owholemodule";
				VALIDATE_PRODUCT = YES;
			};
			name = Release;
		};
		D82B67BD1D96F2D5007CA6D3 /* Debug */ = {
			isa = XCBuildConfiguration;
			buildSettings = {
				ASSETCATALOG_COMPILER_APPICON_NAME = AppIcon;
				INFOPLIST_FILE = InteractiveStory/Info.plist;
				LD_RUNPATH_SEARCH_PATHS = "$(inherited) @executable_path/Frameworks";
				PRODUCT_BUNDLE_IDENTIFIER = com.maypalo.InteractiveStory;
				PRODUCT_NAME = "$(TARGET_NAME)";
				SWIFT_VERSION = 3.0;
			};
			name = Debug;
		};
		D82B67BE1D96F2D5007CA6D3 /* Release */ = {
			isa = XCBuildConfiguration;
			buildSettings = {
				ASSETCATALOG_COMPILER_APPICON_NAME = AppIcon;
				INFOPLIST_FILE = InteractiveStory/Info.plist;
				LD_RUNPATH_SEARCH_PATHS = "$(inherited) @executable_path/Frameworks";
				PRODUCT_BUNDLE_IDENTIFIER = com.maypalo.InteractiveStory;
				PRODUCT_NAME = "$(TARGET_NAME)";
				SWIFT_VERSION = 3.0;
			};
			name = Release;
		};
/* End XCBuildConfiguration section */

/* Begin XCConfigurationList section */
		D82B67A51D96F2D5007CA6D3 /* Build configuration list for PBXProject "InteractiveStory" */ = {
			isa = XCConfigurationList;
			buildConfigurations = (
				D82B67BA1D96F2D5007CA6D3 /* Debug */,
				D82B67BB1D96F2D5007CA6D3 /* Release */,
			);
			defaultConfigurationIsVisible = 0;
			defaultConfigurationName = Release;
		};
		D82B67BC1D96F2D5007CA6D3 /* Build configuration list for PBXNativeTarget "InteractiveStory" */ = {
			isa = XCConfigurationList;
			buildConfigurations = (
				D82B67BD1D96F2D5007CA6D3 /* Debug */,
				D82B67BE1D96F2D5007CA6D3 /* Release */,
			);
			defaultConfigurationIsVisible = 0;
		};
/* End XCConfigurationList section */
	};
	rootObject = D82B67A21D96F2D5007CA6D3 /* Project object */;
}
